
Microsoft Visual Studio Solution File, Format Version 12.00
# Visual Studio Version 17
VisualStudioVersion = 17.1.32421.90
MinimumVisualStudioVersion = 10.0.40219.1
Project("{FAE04EC0-301F-11D3-BF4B-00C04F79EFBC}") = "BookMyShowAPI", "BookMyShowAPI.csproj", "{570663D0-1E78-4D9A-B9FF-4CA0DC915A59}"
EndProject
Global
	GlobalSection(SolutionConfigurationPlatforms) = preSolution
		Debug|Any CPU = Debug|Any CPU
		Release|Any CPU = Release|Any CPU
	EndGlobalSection
	GlobalSection(ProjectConfigurationPlatforms) = postSolution
		{570663D0-1E78-4D9A-B9FF-4CA0DC915A59}.Debug|Any CPU.ActiveCfg = Debug|Any CPU
		{570663D0-1E78-4D9A-B9FF-4CA0DC915A59}.Debug|Any CPU.Build.0 = Debug|Any CPU
		{570663D0-1E78-4D9A-B9FF-4CA0DC915A59}.Release|Any CPU.ActiveCfg = Release|Any CPU
		{570663D0-1E78-4D9A-B9FF-4CA0DC915A59}.Release|Any CPU.Build.0 = Release|Any CPU
	EndGlobalSection
	GlobalSection(SolutionProperties) = preSolution
		HideSolutionNode = FALSE
	EndGlobalSection
	GlobalSection(ExtensibilityGlobals) = postSolution
		SolutionGuid = {E470EA8C-9525-4CC8-965F-D10999C96706}
	EndGlobalSection
EndGlobal
